
Microsoft Visual Studio Solution File, Format Version 12.00
# Visual Studio Version 17
VisualStudioVersion = 17.5.33627.172
MinimumVisualStudioVersion = 10.0.40219.1
Project("{FAE04EC0-301F-11D3-BF4B-00C04F79EFBC}") = "FirstMVCApp", "FirstMVCApp\FirstMVCApp.csproj", "{B91D6124-C86E-4445-B33E-562D6DF04361}"
EndProject
Global
	GlobalSection(SolutionConfigurationPlatforms) = preSolution
		Debug|Any CPU = Debug|Any CPU
		Release|Any CPU = Release|Any CPU
	EndGlobalSection
	GlobalSection(ProjectConfigurationPlatforms) = postSolution
		{B91D6124-C86E-4445-B33E-562D6DF04361}.Debug|Any CPU.ActiveCfg = Debug|Any CPU
		{B91D6124-C86E-4445-B33E-562D6DF04361}.Debug|Any CPU.Build.0 = Debug|Any CPU
		{B91D6124-C86E-4445-B33E-562D6DF04361}.Release|Any CPU.ActiveCfg = Release|Any CPU
		{B91D6124-C86E-4445-B33E-562D6DF04361}.Release|Any CPU.Build.0 = Release|Any CPU
	EndGlobalSection
	GlobalSection(SolutionProperties) = preSolution
		HideSolutionNode = FALSE
	EndGlobalSection
	GlobalSection(ExtensibilityGlobals) = postSolution
		SolutionGuid = {AD177637-CB06-468D-AD6A-2F6AD8D608D9}
	EndGlobalSection
EndGlobal
